
Microsoft Visual Studio Solution File, Format Version 12.00
# Visual Studio 2013
VisualStudioVersion = 12.0.21005.1
MinimumVisualStudioVersion = 10.0.40219.1
Project("{FAE04EC0-301F-11D3-BF4B-00C04F79EFBC}") = "Services", "Services\Services.csproj", "{95812715-6B0E-4DCE-AB04-331A0C9202C8}"
EndProject
Project("{FAE04EC0-301F-11D3-BF4B-00C04F79EFBC}") = "UI", "UI\UI.csproj", "{69CF47EE-54BA-42BE-8740-8D2692C96949}"
EndProject
Global
	GlobalSection(SolutionConfigurationPlatforms) = preSolution
		Debug|Any CPU = Debug|Any CPU
		Release|Any CPU = Release|Any CPU
	EndGlobalSection
	GlobalSection(ProjectConfigurationPlatforms) = postSolution
		{95812715-6B0E-4DCE-AB04-331A0C9202C8}.Debug|Any CPU.ActiveCfg = Debug|Any CPU
		{95812715-6B0E-4DCE-AB04-331A0C9202C8}.Debug|Any CPU.Build.0 = Debug|Any CPU
		{95812715-6B0E-4DCE-AB04-331A0C9202C8}.Release|Any CPU.ActiveCfg = Release|Any CPU
		{95812715-6B0E-4DCE-AB04-331A0C9202C8}.Release|Any CPU.Build.0 = Release|Any CPU
		{69CF47EE-54BA-42BE-8740-8D2692C96949}.Debug|Any CPU.ActiveCfg = Debug|Any CPU
		{69CF47EE-54BA-42BE-8740-8D2692C96949}.Debug|Any CPU.Build.0 = Debug|Any CPU
		{69CF47EE-54BA-42BE-8740-8D2692C96949}.Release|Any CPU.ActiveCfg = Release|Any CPU
		{69CF47EE-54BA-42BE-8740-8D2692C96949}.Release|Any CPU.Build.0 = Release|Any CPU
	EndGlobalSection
	GlobalSection(SolutionProperties) = preSolution
		HideSolutionNode = FALSE
	EndGlobalSection
EndGlobal
